
Microsoft Visual Studio Solution File, Format Version 12.00
# Visual Studio Version 16
VisualStudioVersion = 16.0.30413.136
MinimumVisualStudioVersion = 10.0.40219.1
Project("{FAE04EC0-301F-11D3-BF4B-00C04F79EFBC}") = "Phobos", "Phobos\Phobos.csproj", "{47114463-D2A6-4F71-BEED-C147D2261EF1}"
EndProject
Global
	GlobalSection(SolutionConfigurationPlatforms) = preSolution
		Debug|Any CPU = Debug|Any CPU
		Release|Any CPU = Release|Any CPU
	EndGlobalSection
	GlobalSection(ProjectConfigurationPlatforms) = postSolution
		{47114463-D2A6-4F71-BEED-C147D2261EF1}.Debug|Any CPU.ActiveCfg = Debug|Any CPU
		{47114463-D2A6-4F71-BEED-C147D2261EF1}.Debug|Any CPU.Build.0 = Debug|Any CPU
		{47114463-D2A6-4F71-BEED-C147D2261EF1}.Release|Any CPU.ActiveCfg = Release|Any CPU
		{47114463-D2A6-4F71-BEED-C147D2261EF1}.Release|Any CPU.Build.0 = Release|Any CPU
	EndGlobalSection
	GlobalSection(SolutionProperties) = preSolution
		HideSolutionNode = FALSE
	EndGlobalSection
	GlobalSection(ExtensibilityGlobals) = postSolution
		SolutionGuid = {EFC40355-CD07-47C7-9014-2D227CD20173}
	EndGlobalSection
EndGlobal
